
Microsoft Visual Studio Solution File, Format Version 12.00
# Visual Studio 15
VisualStudioVersion = 15.0.28307.1433
MinimumVisualStudioVersion = 10.0.40219.1
Project("{FAE04EC0-301F-11D3-BF4B-00C04F79EFBC}") = "Bai_3", "Bai_3\Bai_3.csproj", "{6C7C6CB7-AC47-4E8A-A520-E812E7C60261}"
EndProject
Global
	GlobalSection(SolutionConfigurationPlatforms) = preSolution
		Debug|Any CPU = Debug|Any CPU
		Release|Any CPU = Release|Any CPU
	EndGlobalSection
	GlobalSection(ProjectConfigurationPlatforms) = postSolution
		{6C7C6CB7-AC47-4E8A-A520-E812E7C60261}.Debug|Any CPU.ActiveCfg = Debug|Any CPU
		{6C7C6CB7-AC47-4E8A-A520-E812E7C60261}.Debug|Any CPU.Build.0 = Debug|Any CPU
		{6C7C6CB7-AC47-4E8A-A520-E812E7C60261}.Release|Any CPU.ActiveCfg = Release|Any CPU
		{6C7C6CB7-AC47-4E8A-A520-E812E7C60261}.Release|Any CPU.Build.0 = Release|Any CPU
	EndGlobalSection
	GlobalSection(SolutionProperties) = preSolution
		HideSolutionNode = FALSE
	EndGlobalSection
	GlobalSection(ExtensibilityGlobals) = postSolution
		SolutionGuid = {5B26C14B-22CC-4228-A9B9-262DA055A9F0}
	EndGlobalSection
EndGlobal
