
Microsoft Visual Studio Solution File, Format Version 12.00
# Visual Studio 15
VisualStudioVersion = 15.0.28307.1433
MinimumVisualStudioVersion = 10.0.40219.1
Project("{FAE04EC0-301F-11D3-BF4B-00C04F79EFBC}") = "Bai_1", "Bai_1\Bai_1.csproj", "{1C6AFF58-5245-4D07-9B4F-C71F8D6EB1CE}"
EndProject
Global
	GlobalSection(SolutionConfigurationPlatforms) = preSolution
		Debug|Any CPU = Debug|Any CPU
		Release|Any CPU = Release|Any CPU
	EndGlobalSection
	GlobalSection(ProjectConfigurationPlatforms) = postSolution
		{1C6AFF58-5245-4D07-9B4F-C71F8D6EB1CE}.Debug|Any CPU.ActiveCfg = Debug|Any CPU
		{1C6AFF58-5245-4D07-9B4F-C71F8D6EB1CE}.Debug|Any CPU.Build.0 = Debug|Any CPU
		{1C6AFF58-5245-4D07-9B4F-C71F8D6EB1CE}.Release|Any CPU.ActiveCfg = Release|Any CPU
		{1C6AFF58-5245-4D07-9B4F-C71F8D6EB1CE}.Release|Any CPU.Build.0 = Release|Any CPU
	EndGlobalSection
	GlobalSection(SolutionProperties) = preSolution
		HideSolutionNode = FALSE
	EndGlobalSection
	GlobalSection(ExtensibilityGlobals) = postSolution
		SolutionGuid = {F72FDA0A-0967-4D86-ADBA-080F11A69C5E}
	EndGlobalSection
EndGlobal
