
Microsoft Visual Studio Solution File, Format Version 12.00
# Visual Studio 15
VisualStudioVersion = 15.0.28307.1433
MinimumVisualStudioVersion = 10.0.40219.1
Project("{FAE04EC0-301F-11D3-BF4B-00C04F79EFBC}") = "In_Tam_Giac_Can_Rong", "In_Tam_Giac_Can_Rong\In_Tam_Giac_Can_Rong.csproj", "{39BC1257-EFF9-4ADA-A594-C7776A5CC55C}"
EndProject
Global
	GlobalSection(SolutionConfigurationPlatforms) = preSolution
		Debug|Any CPU = Debug|Any CPU
		Release|Any CPU = Release|Any CPU
	EndGlobalSection
	GlobalSection(ProjectConfigurationPlatforms) = postSolution
		{39BC1257-EFF9-4ADA-A594-C7776A5CC55C}.Debug|Any CPU.ActiveCfg = Debug|Any CPU
		{39BC1257-EFF9-4ADA-A594-C7776A5CC55C}.Debug|Any CPU.Build.0 = Debug|Any CPU
		{39BC1257-EFF9-4ADA-A594-C7776A5CC55C}.Release|Any CPU.ActiveCfg = Release|Any CPU
		{39BC1257-EFF9-4ADA-A594-C7776A5CC55C}.Release|Any CPU.Build.0 = Release|Any CPU
	EndGlobalSection
	GlobalSection(SolutionProperties) = preSolution
		HideSolutionNode = FALSE
	EndGlobalSection
	GlobalSection(ExtensibilityGlobals) = postSolution
		SolutionGuid = {7F0B9B1F-566C-4A74-9D67-B6C20BC9280A}
	EndGlobalSection
EndGlobal
