
Microsoft Visual Studio Solution File, Format Version 12.00
# Visual Studio 15
VisualStudioVersion = 15.0.28307.1433
MinimumVisualStudioVersion = 10.0.40219.1
Project("{FAE04EC0-301F-11D3-BF4B-00C04F79EFBC}") = "Bai_62", "Bai_62\Bai_62.csproj", "{332776C4-750E-4260-8CD8-F7F2E4F714E0}"
EndProject
Global
	GlobalSection(SolutionConfigurationPlatforms) = preSolution
		Debug|Any CPU = Debug|Any CPU
		Release|Any CPU = Release|Any CPU
	EndGlobalSection
	GlobalSection(ProjectConfigurationPlatforms) = postSolution
		{332776C4-750E-4260-8CD8-F7F2E4F714E0}.Debug|Any CPU.ActiveCfg = Debug|Any CPU
		{332776C4-750E-4260-8CD8-F7F2E4F714E0}.Debug|Any CPU.Build.0 = Debug|Any CPU
		{332776C4-750E-4260-8CD8-F7F2E4F714E0}.Release|Any CPU.ActiveCfg = Release|Any CPU
		{332776C4-750E-4260-8CD8-F7F2E4F714E0}.Release|Any CPU.Build.0 = Release|Any CPU
	EndGlobalSection
	GlobalSection(SolutionProperties) = preSolution
		HideSolutionNode = FALSE
	EndGlobalSection
	GlobalSection(ExtensibilityGlobals) = postSolution
		SolutionGuid = {E7EE2A66-9C4E-44F6-A212-68A4FD5DC371}
	EndGlobalSection
EndGlobal
