
Microsoft Visual Studio Solution File, Format Version 12.00
# Visual Studio 15
VisualStudioVersion = 15.0.28307.1433
MinimumVisualStudioVersion = 10.0.40219.1
Project("{FAE04EC0-301F-11D3-BF4B-00C04F79EFBC}") = "In_Ra_SoLonNhat", "In_Ra_SoLonNhat\In_Ra_SoLonNhat.csproj", "{A42AF17E-A876-4C5B-9EA6-C482F05EC550}"
EndProject
Global
	GlobalSection(SolutionConfigurationPlatforms) = preSolution
		Debug|Any CPU = Debug|Any CPU
		Release|Any CPU = Release|Any CPU
	EndGlobalSection
	GlobalSection(ProjectConfigurationPlatforms) = postSolution
		{A42AF17E-A876-4C5B-9EA6-C482F05EC550}.Debug|Any CPU.ActiveCfg = Debug|Any CPU
		{A42AF17E-A876-4C5B-9EA6-C482F05EC550}.Debug|Any CPU.Build.0 = Debug|Any CPU
		{A42AF17E-A876-4C5B-9EA6-C482F05EC550}.Release|Any CPU.ActiveCfg = Release|Any CPU
		{A42AF17E-A876-4C5B-9EA6-C482F05EC550}.Release|Any CPU.Build.0 = Release|Any CPU
	EndGlobalSection
	GlobalSection(SolutionProperties) = preSolution
		HideSolutionNode = FALSE
	EndGlobalSection
	GlobalSection(ExtensibilityGlobals) = postSolution
		SolutionGuid = {AEEC7D8C-D819-4678-B20E-DFAEE27CBA68}
	EndGlobalSection
EndGlobal
