
Microsoft Visual Studio Solution File, Format Version 12.00
# Visual Studio 15
VisualStudioVersion = 15.0.28307.1433
MinimumVisualStudioVersion = 10.0.40219.1
Project("{FAE04EC0-301F-11D3-BF4B-00C04F79EFBC}") = "Bai_31", "Bai_31\Bai_31.csproj", "{D608690A-5037-42AB-A086-B40F403BC26E}"
EndProject
Global
	GlobalSection(SolutionConfigurationPlatforms) = preSolution
		Debug|Any CPU = Debug|Any CPU
		Release|Any CPU = Release|Any CPU
	EndGlobalSection
	GlobalSection(ProjectConfigurationPlatforms) = postSolution
		{D608690A-5037-42AB-A086-B40F403BC26E}.Debug|Any CPU.ActiveCfg = Debug|Any CPU
		{D608690A-5037-42AB-A086-B40F403BC26E}.Debug|Any CPU.Build.0 = Debug|Any CPU
		{D608690A-5037-42AB-A086-B40F403BC26E}.Release|Any CPU.ActiveCfg = Release|Any CPU
		{D608690A-5037-42AB-A086-B40F403BC26E}.Release|Any CPU.Build.0 = Release|Any CPU
	EndGlobalSection
	GlobalSection(SolutionProperties) = preSolution
		HideSolutionNode = FALSE
	EndGlobalSection
	GlobalSection(ExtensibilityGlobals) = postSolution
		SolutionGuid = {335693AC-6160-4C67-B023-BEA1F760D770}
	EndGlobalSection
EndGlobal
