
Microsoft Visual Studio Solution File, Format Version 12.00
# Visual Studio 15
VisualStudioVersion = 15.0.28307.1433
MinimumVisualStudioVersion = 10.0.40219.1
Project("{FAE04EC0-301F-11D3-BF4B-00C04F79EFBC}") = "Bai_63", "Bai_63\Bai_63.csproj", "{1952E8B8-9523-4377-ADA3-30B2CC9772C0}"
EndProject
Global
	GlobalSection(SolutionConfigurationPlatforms) = preSolution
		Debug|Any CPU = Debug|Any CPU
		Release|Any CPU = Release|Any CPU
	EndGlobalSection
	GlobalSection(ProjectConfigurationPlatforms) = postSolution
		{1952E8B8-9523-4377-ADA3-30B2CC9772C0}.Debug|Any CPU.ActiveCfg = Debug|Any CPU
		{1952E8B8-9523-4377-ADA3-30B2CC9772C0}.Debug|Any CPU.Build.0 = Debug|Any CPU
		{1952E8B8-9523-4377-ADA3-30B2CC9772C0}.Release|Any CPU.ActiveCfg = Release|Any CPU
		{1952E8B8-9523-4377-ADA3-30B2CC9772C0}.Release|Any CPU.Build.0 = Release|Any CPU
	EndGlobalSection
	GlobalSection(SolutionProperties) = preSolution
		HideSolutionNode = FALSE
	EndGlobalSection
	GlobalSection(ExtensibilityGlobals) = postSolution
		SolutionGuid = {175E1B66-C755-4E29-8737-6F95D4D7C349}
	EndGlobalSection
EndGlobal
