
Microsoft Visual Studio Solution File, Format Version 12.00
# Visual Studio 15
VisualStudioVersion = 15.0.28307.1433
MinimumVisualStudioVersion = 10.0.40219.1
Project("{FAE04EC0-301F-11D3-BF4B-00C04F79EFBC}") = "Manager_Officer", "Manager_Officer\Manager_Officer.csproj", "{54F36F40-8624-43E9-8719-2034A62D5BB5}"
EndProject
Global
	GlobalSection(SolutionConfigurationPlatforms) = preSolution
		Debug|Any CPU = Debug|Any CPU
		Release|Any CPU = Release|Any CPU
	EndGlobalSection
	GlobalSection(ProjectConfigurationPlatforms) = postSolution
		{54F36F40-8624-43E9-8719-2034A62D5BB5}.Debug|Any CPU.ActiveCfg = Debug|Any CPU
		{54F36F40-8624-43E9-8719-2034A62D5BB5}.Debug|Any CPU.Build.0 = Debug|Any CPU
		{54F36F40-8624-43E9-8719-2034A62D5BB5}.Release|Any CPU.ActiveCfg = Release|Any CPU
		{54F36F40-8624-43E9-8719-2034A62D5BB5}.Release|Any CPU.Build.0 = Release|Any CPU
	EndGlobalSection
	GlobalSection(SolutionProperties) = preSolution
		HideSolutionNode = FALSE
	EndGlobalSection
	GlobalSection(ExtensibilityGlobals) = postSolution
		SolutionGuid = {9FF4429D-7FCB-4352-A5CD-F8EE9FFA9AA9}
	EndGlobalSection
EndGlobal
