
Microsoft Visual Studio Solution File, Format Version 12.00
# Visual Studio 15
VisualStudioVersion = 15.0.28307.1433
MinimumVisualStudioVersion = 10.0.40219.1
Project("{FAE04EC0-301F-11D3-BF4B-00C04F79EFBC}") = "Manager_Officer", "Manager_Officer\Manager_Officer.csproj", "{5AF2660F-E61E-45E2-817C-A89EAD86BFBB}"
EndProject
Global
	GlobalSection(SolutionConfigurationPlatforms) = preSolution
		Debug|Any CPU = Debug|Any CPU
		Release|Any CPU = Release|Any CPU
	EndGlobalSection
	GlobalSection(ProjectConfigurationPlatforms) = postSolution
		{5AF2660F-E61E-45E2-817C-A89EAD86BFBB}.Debug|Any CPU.ActiveCfg = Debug|Any CPU
		{5AF2660F-E61E-45E2-817C-A89EAD86BFBB}.Debug|Any CPU.Build.0 = Debug|Any CPU
		{5AF2660F-E61E-45E2-817C-A89EAD86BFBB}.Release|Any CPU.ActiveCfg = Release|Any CPU
		{5AF2660F-E61E-45E2-817C-A89EAD86BFBB}.Release|Any CPU.Build.0 = Release|Any CPU
	EndGlobalSection
	GlobalSection(SolutionProperties) = preSolution
		HideSolutionNode = FALSE
	EndGlobalSection
	GlobalSection(ExtensibilityGlobals) = postSolution
		SolutionGuid = {28C579B7-D8D2-47D4-A47A-0606B1EDCD76}
	EndGlobalSection
EndGlobal
