
Microsoft Visual Studio Solution File, Format Version 12.00
# Visual Studio 15
VisualStudioVersion = 15.0.28307.1433
MinimumVisualStudioVersion = 10.0.40219.1
Project("{FAE04EC0-301F-11D3-BF4B-00C04F79EFBC}") = "BT_STRUCT_ENUM_FOREACH", "BT_STRUCT_ENUM_FOREACH\BT_STRUCT_ENUM_FOREACH.csproj", "{6A179378-255C-42F5-92DB-F3FFCF8EE393}"
EndProject
Global
	GlobalSection(SolutionConfigurationPlatforms) = preSolution
		Debug|Any CPU = Debug|Any CPU
		Release|Any CPU = Release|Any CPU
	EndGlobalSection
	GlobalSection(ProjectConfigurationPlatforms) = postSolution
		{6A179378-255C-42F5-92DB-F3FFCF8EE393}.Debug|Any CPU.ActiveCfg = Debug|Any CPU
		{6A179378-255C-42F5-92DB-F3FFCF8EE393}.Debug|Any CPU.Build.0 = Debug|Any CPU
		{6A179378-255C-42F5-92DB-F3FFCF8EE393}.Release|Any CPU.ActiveCfg = Release|Any CPU
		{6A179378-255C-42F5-92DB-F3FFCF8EE393}.Release|Any CPU.Build.0 = Release|Any CPU
	EndGlobalSection
	GlobalSection(SolutionProperties) = preSolution
		HideSolutionNode = FALSE
	EndGlobalSection
	GlobalSection(ExtensibilityGlobals) = postSolution
		SolutionGuid = {2FD85230-8710-4F68-BC16-D46B94CEFE56}
	EndGlobalSection
EndGlobal
